
Microsoft Visual Studio Solution File, Format Version 12.00
# Visual Studio Version 17
VisualStudioVersion = 17.9.34607.119
MinimumVisualStudioVersion = 10.0.40219.1
Project("{9A19103F-16F7-4668-BE54-9A1E7A4F7556}") = "NullableTypeDemo", "NullableTypeDemo\NullableTypeDemo.csproj", "{10D99E8A-36FF-438F-8508-D450B978A18F}"
EndProject
Project("{9A19103F-16F7-4668-BE54-9A1E7A4F7556}") = "ObjectTypeDemo", "ObjectTypeDemo\ObjectTypeDemo.csproj", "{4605388F-73E6-4CE5-92C9-A1EFFB5844A3}"
EndProject
Project("{9A19103F-16F7-4668-BE54-9A1E7A4F7556}") = "VariableDemo", "VariableDemo\VariableDemo.csproj", "{1BFCC3D7-A35E-4ACF-AD8E-260D87CCE8B7}"
EndProject
Project("{9A19103F-16F7-4668-BE54-9A1E7A4F7556}") = "ConditionalAndLoopDemo", "ConditionalAndLoopDemo\ConditionalAndLoopDemo.csproj", "{7AD4E8ED-FDF9-4905-B52D-6B2C047B9051}"
EndProject
Project("{9A19103F-16F7-4668-BE54-9A1E7A4F7556}") = "AlgorithmicsSample", "AlgorithmicsSample\AlgorithmicsSample.csproj", "{4F67AD66-7737-4514-B37A-A6BE61688C96}"
EndProject
Project("{2150E333-8FDC-42A3-9474-1A3956D46DE8}") = "01 - Basics", "01 - Basics", "{67B25387-27D3-46FD-A936-738B061D919A}"
EndProject
Project("{2150E333-8FDC-42A3-9474-1A3956D46DE8}") = "02 - Collections", "02 - Collections", "{792D104D-7473-4987-A79C-A8EC52AA27EF}"
EndProject
Project("{9A19103F-16F7-4668-BE54-9A1E7A4F7556}") = "ArrayDemo", "ArrayDemo\ArrayDemo.csproj", "{6B18CF6B-D8EB-4B99-A193-C44FC6B47FD6}"
EndProject
Project("{9A19103F-16F7-4668-BE54-9A1E7A4F7556}") = "ValueAndReferenceTypeDemo", "ValueAndReferenceTypeDemo\ValueAndReferenceTypeDemo.csproj", "{C0BD21C2-95FF-42EF-B07C-FA39869BD7D7}"
EndProject
Project("{9A19103F-16F7-4668-BE54-9A1E7A4F7556}") = "CollectionObjectsDemo", "CollectionObjectsDemo\CollectionObjectsDemo.csproj", "{5AD0F1B8-1CC5-4434-AAB7-D68D87F7EDA2}"
EndProject
Project("{9A19103F-16F7-4668-BE54-9A1E7A4F7556}") = "GenericCollectionsDemo", "GenericCollectionsDemo\GenericCollectionsDemo.csproj", "{C6655E65-9E85-4849-950B-3A409D29F066}"
EndProject
Project("{2150E333-8FDC-42A3-9474-1A3956D46DE8}") = "03 - OOP", "03 - OOP", "{8182CC70-0E3C-4604-AC15-55A0D7F67F6F}"
EndProject
Project("{9A19103F-16F7-4668-BE54-9A1E7A4F7556}") = "ClassDemo", "ClassDemo\ClassDemo.csproj", "{8770D00D-93BF-48D9-9651-FCE8D374127D}"
EndProject
Project("{9A19103F-16F7-4668-BE54-9A1E7A4F7556}") = "MethodsDemo", "MethodsDemo\MethodsDemo.csproj", "{D2792B0E-B3D0-45E9-A301-278F3D325C0C}"
EndProject
Project("{FAE04EC0-301F-11D3-BF4B-00C04F79EFBC}") = "IndexerDemo", "IndexerDemo\IndexerDemo.csproj", "{B3C6C0C6-8B28-449D-818A-7DC1300A1F52}"
EndProject
Project("{FAE04EC0-301F-11D3-BF4B-00C04F79EFBC}") = "EnumDemo", "EnumDemo\EnumDemo.csproj", "{7CDE4097-8867-4AF5-98D5-2FA0F3FC2114}"
EndProject
Project("{FAE04EC0-301F-11D3-BF4B-00C04F79EFBC}") = "StaticsDemo", "StaticsDemo\StaticsDemo.csproj", "{BDAC94CC-161D-4ABC-AE52-C5A0BFEE2A8A}"
EndProject
Project("{FAE04EC0-301F-11D3-BF4B-00C04F79EFBC}") = "AnonymousTypeDemo", "AnonymousTypeDemo\AnonymousTypeDemo.csproj", "{DE1EF354-FD3D-44C0-BAFC-E60A892C005B}"
EndProject
Project("{2150E333-8FDC-42A3-9474-1A3956D46DE8}") = "04- OOP Principle", "04- OOP Principle", "{43C97DB4-2496-4DD9-B978-42B7B5D10C2C}"
EndProject
Project("{FAE04EC0-301F-11D3-BF4B-00C04F79EFBC}") = "InheritanceDemo", "InheritenceDem\InheritanceDemo.csproj", "{5388D463-E9D1-48ED-B6B9-2480BBB77EC6}"
EndProject
Project("{FAE04EC0-301F-11D3-BF4B-00C04F79EFBC}") = "AccessModifiersDemo", "AccessModifiersDemo\AccessModifiersDemo.csproj", "{6EE8B1E4-C646-46A4-A99B-FAE2389F1D29}"
EndProject
Project("{FAE04EC0-301F-11D3-BF4B-00C04F79EFBC}") = "AccessModifiersSample", "AccessModifiersSample\AccessModifiersSample.csproj", "{1792C0D1-6B1A-4629-956F-EB02A9C4BD90}"
EndProject
Project("{FAE04EC0-301F-11D3-BF4B-00C04F79EFBC}") = "PolymorphismDemo", "PolymorphismDemo\PolymorphismDemo.csproj", "{4D119A1F-03E4-4554-8C2E-D712A67FDA15}"
EndProject
Project("{FAE04EC0-301F-11D3-BF4B-00C04F79EFBC}") = "InterfaceFrameworkDemo", "InterfaceFrameworkDemo\InterfaceFrameworkDemo.csproj", "{EDB35689-D79F-4DE3-BA73-2BF449D0F8B9}"
EndProject
Project("{FAE04EC0-301F-11D3-BF4B-00C04F79EFBC}") = "InterfaceDemo", "InterfaceDemo\InterfaceDemo.csproj", "{8BCFC44E-0607-455B-8D33-0611122124DE}"
EndProject
Project("{FAE04EC0-301F-11D3-BF4B-00C04F79EFBC}") = "AbstractClassDemo", "AbstractClassDemo\AbstractClassDemo.csproj", "{6BCA49D1-58D1-4513-9731-F55414D66090}"
EndProject
Project("{FAE04EC0-301F-11D3-BF4B-00C04F79EFBC}") = "ExtensionMethodDemo", "ExtensionMethodDemo\ExtensionMethodDemo.csproj", "{971F7CD2-C067-4828-8166-3E89507F1B1D}"
EndProject
Global
	GlobalSection(SolutionConfigurationPlatforms) = preSolution
		Debug|Any CPU = Debug|Any CPU
		Release|Any CPU = Release|Any CPU
	EndGlobalSection
	GlobalSection(ProjectConfigurationPlatforms) = postSolution
		{10D99E8A-36FF-438F-8508-D450B978A18F}.Debug|Any CPU.ActiveCfg = Debug|Any CPU
		{10D99E8A-36FF-438F-8508-D450B978A18F}.Debug|Any CPU.Build.0 = Debug|Any CPU
		{10D99E8A-36FF-438F-8508-D450B978A18F}.Release|Any CPU.ActiveCfg = Release|Any CPU
		{10D99E8A-36FF-438F-8508-D450B978A18F}.Release|Any CPU.Build.0 = Release|Any CPU
		{4605388F-73E6-4CE5-92C9-A1EFFB5844A3}.Debug|Any CPU.ActiveCfg = Debug|Any CPU
		{4605388F-73E6-4CE5-92C9-A1EFFB5844A3}.Debug|Any CPU.Build.0 = Debug|Any CPU
		{4605388F-73E6-4CE5-92C9-A1EFFB5844A3}.Release|Any CPU.ActiveCfg = Release|Any CPU
		{4605388F-73E6-4CE5-92C9-A1EFFB5844A3}.Release|Any CPU.Build.0 = Release|Any CPU
		{1BFCC3D7-A35E-4ACF-AD8E-260D87CCE8B7}.Debug|Any CPU.ActiveCfg = Debug|Any CPU
		{1BFCC3D7-A35E-4ACF-AD8E-260D87CCE8B7}.Debug|Any CPU.Build.0 = Debug|Any CPU
		{1BFCC3D7-A35E-4ACF-AD8E-260D87CCE8B7}.Release|Any CPU.ActiveCfg = Release|Any CPU
		{1BFCC3D7-A35E-4ACF-AD8E-260D87CCE8B7}.Release|Any CPU.Build.0 = Release|Any CPU
		{7AD4E8ED-FDF9-4905-B52D-6B2C047B9051}.Debug|Any CPU.ActiveCfg = Debug|Any CPU
		{7AD4E8ED-FDF9-4905-B52D-6B2C047B9051}.Debug|Any CPU.Build.0 = Debug|Any CPU
		{7AD4E8ED-FDF9-4905-B52D-6B2C047B9051}.Release|Any CPU.ActiveCfg = Release|Any CPU
		{7AD4E8ED-FDF9-4905-B52D-6B2C047B9051}.Release|Any CPU.Build.0 = Release|Any CPU
		{4F67AD66-7737-4514-B37A-A6BE61688C96}.Debug|Any CPU.ActiveCfg = Debug|Any CPU
		{4F67AD66-7737-4514-B37A-A6BE61688C96}.Debug|Any CPU.Build.0 = Debug|Any CPU
		{4F67AD66-7737-4514-B37A-A6BE61688C96}.Release|Any CPU.ActiveCfg = Release|Any CPU
		{4F67AD66-7737-4514-B37A-A6BE61688C96}.Release|Any CPU.Build.0 = Release|Any CPU
		{6B18CF6B-D8EB-4B99-A193-C44FC6B47FD6}.Debug|Any CPU.ActiveCfg = Debug|Any CPU
		{6B18CF6B-D8EB-4B99-A193-C44FC6B47FD6}.Debug|Any CPU.Build.0 = Debug|Any CPU
		{6B18CF6B-D8EB-4B99-A193-C44FC6B47FD6}.Release|Any CPU.ActiveCfg = Release|Any CPU
		{6B18CF6B-D8EB-4B99-A193-C44FC6B47FD6}.Release|Any CPU.Build.0 = Release|Any CPU
		{C0BD21C2-95FF-42EF-B07C-FA39869BD7D7}.Debug|Any CPU.ActiveCfg = Debug|Any CPU
		{C0BD21C2-95FF-42EF-B07C-FA39869BD7D7}.Debug|Any CPU.Build.0 = Debug|Any CPU
		{C0BD21C2-95FF-42EF-B07C-FA39869BD7D7}.Release|Any CPU.ActiveCfg = Release|Any CPU
		{C0BD21C2-95FF-42EF-B07C-FA39869BD7D7}.Release|Any CPU.Build.0 = Release|Any CPU
		{5AD0F1B8-1CC5-4434-AAB7-D68D87F7EDA2}.Debug|Any CPU.ActiveCfg = Debug|Any CPU
		{5AD0F1B8-1CC5-4434-AAB7-D68D87F7EDA2}.Debug|Any CPU.Build.0 = Debug|Any CPU
		{5AD0F1B8-1CC5-4434-AAB7-D68D87F7EDA2}.Release|Any CPU.ActiveCfg = Release|Any CPU
		{5AD0F1B8-1CC5-4434-AAB7-D68D87F7EDA2}.Release|Any CPU.Build.0 = Release|Any CPU
		{C6655E65-9E85-4849-950B-3A409D29F066}.Debug|Any CPU.ActiveCfg = Debug|Any CPU
		{C6655E65-9E85-4849-950B-3A409D29F066}.Debug|Any CPU.Build.0 = Debug|Any CPU
		{C6655E65-9E85-4849-950B-3A409D29F066}.Release|Any CPU.ActiveCfg = Release|Any CPU
		{C6655E65-9E85-4849-950B-3A409D29F066}.Release|Any CPU.Build.0 = Release|Any CPU
		{8770D00D-93BF-48D9-9651-FCE8D374127D}.Debug|Any CPU.ActiveCfg = Debug|Any CPU
		{8770D00D-93BF-48D9-9651-FCE8D374127D}.Debug|Any CPU.Build.0 = Debug|Any CPU
		{8770D00D-93BF-48D9-9651-FCE8D374127D}.Release|Any CPU.ActiveCfg = Release|Any CPU
		{8770D00D-93BF-48D9-9651-FCE8D374127D}.Release|Any CPU.Build.0 = Release|Any CPU
		{D2792B0E-B3D0-45E9-A301-278F3D325C0C}.Debug|Any CPU.ActiveCfg = Debug|Any CPU
		{D2792B0E-B3D0-45E9-A301-278F3D325C0C}.Debug|Any CPU.Build.0 = Debug|Any CPU
		{D2792B0E-B3D0-45E9-A301-278F3D325C0C}.Release|Any CPU.ActiveCfg = Release|Any CPU
		{D2792B0E-B3D0-45E9-A301-278F3D325C0C}.Release|Any CPU.Build.0 = Release|Any CPU
		{B3C6C0C6-8B28-449D-818A-7DC1300A1F52}.Debug|Any CPU.ActiveCfg = Debug|Any CPU
		{B3C6C0C6-8B28-449D-818A-7DC1300A1F52}.Debug|Any CPU.Build.0 = Debug|Any CPU
		{B3C6C0C6-8B28-449D-818A-7DC1300A1F52}.Release|Any CPU.ActiveCfg = Release|Any CPU
		{B3C6C0C6-8B28-449D-818A-7DC1300A1F52}.Release|Any CPU.Build.0 = Release|Any CPU
		{7CDE4097-8867-4AF5-98D5-2FA0F3FC2114}.Debug|Any CPU.ActiveCfg = Debug|Any CPU
		{7CDE4097-8867-4AF5-98D5-2FA0F3FC2114}.Debug|Any CPU.Build.0 = Debug|Any CPU
		{7CDE4097-8867-4AF5-98D5-2FA0F3FC2114}.Release|Any CPU.ActiveCfg = Release|Any CPU
		{7CDE4097-8867-4AF5-98D5-2FA0F3FC2114}.Release|Any CPU.Build.0 = Release|Any CPU
		{BDAC94CC-161D-4ABC-AE52-C5A0BFEE2A8A}.Debug|Any CPU.ActiveCfg = Debug|Any CPU
		{BDAC94CC-161D-4ABC-AE52-C5A0BFEE2A8A}.Debug|Any CPU.Build.0 = Debug|Any CPU
		{BDAC94CC-161D-4ABC-AE52-C5A0BFEE2A8A}.Release|Any CPU.ActiveCfg = Release|Any CPU
		{BDAC94CC-161D-4ABC-AE52-C5A0BFEE2A8A}.Release|Any CPU.Build.0 = Release|Any CPU
		{DE1EF354-FD3D-44C0-BAFC-E60A892C005B}.Debug|Any CPU.ActiveCfg = Debug|Any CPU
		{DE1EF354-FD3D-44C0-BAFC-E60A892C005B}.Debug|Any CPU.Build.0 = Debug|Any CPU
		{DE1EF354-FD3D-44C0-BAFC-E60A892C005B}.Release|Any CPU.ActiveCfg = Release|Any CPU
		{DE1EF354-FD3D-44C0-BAFC-E60A892C005B}.Release|Any CPU.Build.0 = Release|Any CPU
		{5388D463-E9D1-48ED-B6B9-2480BBB77EC6}.Debug|Any CPU.ActiveCfg = Debug|Any CPU
		{5388D463-E9D1-48ED-B6B9-2480BBB77EC6}.Debug|Any CPU.Build.0 = Debug|Any CPU
		{5388D463-E9D1-48ED-B6B9-2480BBB77EC6}.Release|Any CPU.ActiveCfg = Release|Any CPU
		{5388D463-E9D1-48ED-B6B9-2480BBB77EC6}.Release|Any CPU.Build.0 = Release|Any CPU
		{6EE8B1E4-C646-46A4-A99B-FAE2389F1D29}.Debug|Any CPU.ActiveCfg = Debug|Any CPU
		{6EE8B1E4-C646-46A4-A99B-FAE2389F1D29}.Debug|Any CPU.Build.0 = Debug|Any CPU
		{6EE8B1E4-C646-46A4-A99B-FAE2389F1D29}.Release|Any CPU.ActiveCfg = Release|Any CPU
		{6EE8B1E4-C646-46A4-A99B-FAE2389F1D29}.Release|Any CPU.Build.0 = Release|Any CPU
		{1792C0D1-6B1A-4629-956F-EB02A9C4BD90}.Debug|Any CPU.ActiveCfg = Debug|Any CPU
		{1792C0D1-6B1A-4629-956F-EB02A9C4BD90}.Debug|Any CPU.Build.0 = Debug|Any CPU
		{1792C0D1-6B1A-4629-956F-EB02A9C4BD90}.Release|Any CPU.ActiveCfg = Release|Any CPU
		{1792C0D1-6B1A-4629-956F-EB02A9C4BD90}.Release|Any CPU.Build.0 = Release|Any CPU
		{4D119A1F-03E4-4554-8C2E-D712A67FDA15}.Debug|Any CPU.ActiveCfg = Debug|Any CPU
		{4D119A1F-03E4-4554-8C2E-D712A67FDA15}.Debug|Any CPU.Build.0 = Debug|Any CPU
		{4D119A1F-03E4-4554-8C2E-D712A67FDA15}.Release|Any CPU.ActiveCfg = Release|Any CPU
		{4D119A1F-03E4-4554-8C2E-D712A67FDA15}.Release|Any CPU.Build.0 = Release|Any CPU
		{EDB35689-D79F-4DE3-BA73-2BF449D0F8B9}.Debug|Any CPU.ActiveCfg = Debug|Any CPU
		{EDB35689-D79F-4DE3-BA73-2BF449D0F8B9}.Debug|Any CPU.Build.0 = Debug|Any CPU
		{EDB35689-D79F-4DE3-BA73-2BF449D0F8B9}.Release|Any CPU.ActiveCfg = Release|Any CPU
		{EDB35689-D79F-4DE3-BA73-2BF449D0F8B9}.Release|Any CPU.Build.0 = Release|Any CPU
		{8BCFC44E-0607-455B-8D33-0611122124DE}.Debug|Any CPU.ActiveCfg = Debug|Any CPU
		{8BCFC44E-0607-455B-8D33-0611122124DE}.Debug|Any CPU.Build.0 = Debug|Any CPU
		{8BCFC44E-0607-455B-8D33-0611122124DE}.Release|Any CPU.ActiveCfg = Release|Any CPU
		{8BCFC44E-0607-455B-8D33-0611122124DE}.Release|Any CPU.Build.0 = Release|Any CPU
		{6BCA49D1-58D1-4513-9731-F55414D66090}.Debug|Any CPU.ActiveCfg = Debug|Any CPU
		{6BCA49D1-58D1-4513-9731-F55414D66090}.Debug|Any CPU.Build.0 = Debug|Any CPU
		{6BCA49D1-58D1-4513-9731-F55414D66090}.Release|Any CPU.ActiveCfg = Release|Any CPU
		{6BCA49D1-58D1-4513-9731-F55414D66090}.Release|Any CPU.Build.0 = Release|Any CPU
		{971F7CD2-C067-4828-8166-3E89507F1B1D}.Debug|Any CPU.ActiveCfg = Debug|Any CPU
		{971F7CD2-C067-4828-8166-3E89507F1B1D}.Debug|Any CPU.Build.0 = Debug|Any CPU
		{971F7CD2-C067-4828-8166-3E89507F1B1D}.Release|Any CPU.ActiveCfg = Release|Any CPU
		{971F7CD2-C067-4828-8166-3E89507F1B1D}.Release|Any CPU.Build.0 = Release|Any CPU
	EndGlobalSection
	GlobalSection(SolutionProperties) = preSolution
		HideSolutionNode = FALSE
	EndGlobalSection
	GlobalSection(NestedProjects) = preSolution
		{10D99E8A-36FF-438F-8508-D450B978A18F} = {67B25387-27D3-46FD-A936-738B061D919A}
		{4605388F-73E6-4CE5-92C9-A1EFFB5844A3} = {67B25387-27D3-46FD-A936-738B061D919A}
		{1BFCC3D7-A35E-4ACF-AD8E-260D87CCE8B7} = {67B25387-27D3-46FD-A936-738B061D919A}
		{7AD4E8ED-FDF9-4905-B52D-6B2C047B9051} = {67B25387-27D3-46FD-A936-738B061D919A}
		{4F67AD66-7737-4514-B37A-A6BE61688C96} = {67B25387-27D3-46FD-A936-738B061D919A}
		{6B18CF6B-D8EB-4B99-A193-C44FC6B47FD6} = {792D104D-7473-4987-A79C-A8EC52AA27EF}
		{C0BD21C2-95FF-42EF-B07C-FA39869BD7D7} = {67B25387-27D3-46FD-A936-738B061D919A}
		{5AD0F1B8-1CC5-4434-AAB7-D68D87F7EDA2} = {792D104D-7473-4987-A79C-A8EC52AA27EF}
		{C6655E65-9E85-4849-950B-3A409D29F066} = {792D104D-7473-4987-A79C-A8EC52AA27EF}
		{8770D00D-93BF-48D9-9651-FCE8D374127D} = {8182CC70-0E3C-4604-AC15-55A0D7F67F6F}
		{D2792B0E-B3D0-45E9-A301-278F3D325C0C} = {8182CC70-0E3C-4604-AC15-55A0D7F67F6F}
		{B3C6C0C6-8B28-449D-818A-7DC1300A1F52} = {8182CC70-0E3C-4604-AC15-55A0D7F67F6F}
		{7CDE4097-8867-4AF5-98D5-2FA0F3FC2114} = {8182CC70-0E3C-4604-AC15-55A0D7F67F6F}
		{BDAC94CC-161D-4ABC-AE52-C5A0BFEE2A8A} = {8182CC70-0E3C-4604-AC15-55A0D7F67F6F}
		{DE1EF354-FD3D-44C0-BAFC-E60A892C005B} = {8182CC70-0E3C-4604-AC15-55A0D7F67F6F}
		{5388D463-E9D1-48ED-B6B9-2480BBB77EC6} = {43C97DB4-2496-4DD9-B978-42B7B5D10C2C}
		{6EE8B1E4-C646-46A4-A99B-FAE2389F1D29} = {43C97DB4-2496-4DD9-B978-42B7B5D10C2C}
		{1792C0D1-6B1A-4629-956F-EB02A9C4BD90} = {43C97DB4-2496-4DD9-B978-42B7B5D10C2C}
		{4D119A1F-03E4-4554-8C2E-D712A67FDA15} = {43C97DB4-2496-4DD9-B978-42B7B5D10C2C}
		{EDB35689-D79F-4DE3-BA73-2BF449D0F8B9} = {43C97DB4-2496-4DD9-B978-42B7B5D10C2C}
		{8BCFC44E-0607-455B-8D33-0611122124DE} = {43C97DB4-2496-4DD9-B978-42B7B5D10C2C}
		{6BCA49D1-58D1-4513-9731-F55414D66090} = {43C97DB4-2496-4DD9-B978-42B7B5D10C2C}
		{971F7CD2-C067-4828-8166-3E89507F1B1D} = {8182CC70-0E3C-4604-AC15-55A0D7F67F6F}
	EndGlobalSection
	GlobalSection(ExtensibilityGlobals) = postSolution
		SolutionGuid = {FA3CA425-9926-4D89-B0FC-2101B267AD14}
	EndGlobalSection
EndGlobal
